
Microsoft Visual Studio Solution File, Format Version 12.00
# Visual Studio Version 17
VisualStudioVersion = 17.7.34024.191
MinimumVisualStudioVersion = 10.0.40219.1
Project("{FAE04EC0-301F-11D3-BF4B-00C04F79EFBC}") = "IsbaTraversal", "IsbaTraversal\IsbaTraversal.csproj", "{76B85C67-5719-4298-AC8D-31EED4958E95}"
EndProject
Project("{FAE04EC0-301F-11D3-BF4B-00C04F79EFBC}") = "EntityLayer", "EntityLayer\EntityLayer.csproj", "{F1C10C0C-8570-4483-99D2-059B4884E1FA}"
EndProject
Project("{FAE04EC0-301F-11D3-BF4B-00C04F79EFBC}") = "DataAccessLayer", "DataAccessLayer\DataAccessLayer.csproj", "{F2FC1C18-5A19-4FCE-A5D8-F92AECBBFAE9}"
EndProject
Project("{FAE04EC0-301F-11D3-BF4B-00C04F79EFBC}") = "BusinessLayer", "BusinessLayer\BusinessLayer.csproj", "{C7678138-368A-461D-963E-B5FFA2DCB3EE}"
EndProject
Global
	GlobalSection(SolutionConfigurationPlatforms) = preSolution
		Debug|Any CPU = Debug|Any CPU
		Release|Any CPU = Release|Any CPU
	EndGlobalSection
	GlobalSection(ProjectConfigurationPlatforms) = postSolution
		{76B85C67-5719-4298-AC8D-31EED4958E95}.Debug|Any CPU.ActiveCfg = Debug|Any CPU
		{76B85C67-5719-4298-AC8D-31EED4958E95}.Debug|Any CPU.Build.0 = Debug|Any CPU
		{76B85C67-5719-4298-AC8D-31EED4958E95}.Release|Any CPU.ActiveCfg = Release|Any CPU
		{76B85C67-5719-4298-AC8D-31EED4958E95}.Release|Any CPU.Build.0 = Release|Any CPU
		{F1C10C0C-8570-4483-99D2-059B4884E1FA}.Debug|Any CPU.ActiveCfg = Debug|Any CPU
		{F1C10C0C-8570-4483-99D2-059B4884E1FA}.Debug|Any CPU.Build.0 = Debug|Any CPU
		{F1C10C0C-8570-4483-99D2-059B4884E1FA}.Release|Any CPU.ActiveCfg = Release|Any CPU
		{F1C10C0C-8570-4483-99D2-059B4884E1FA}.Release|Any CPU.Build.0 = Release|Any CPU
		{F2FC1C18-5A19-4FCE-A5D8-F92AECBBFAE9}.Debug|Any CPU.ActiveCfg = Debug|Any CPU
		{F2FC1C18-5A19-4FCE-A5D8-F92AECBBFAE9}.Debug|Any CPU.Build.0 = Debug|Any CPU
		{F2FC1C18-5A19-4FCE-A5D8-F92AECBBFAE9}.Release|Any CPU.ActiveCfg = Release|Any CPU
		{F2FC1C18-5A19-4FCE-A5D8-F92AECBBFAE9}.Release|Any CPU.Build.0 = Release|Any CPU
		{C7678138-368A-461D-963E-B5FFA2DCB3EE}.Debug|Any CPU.ActiveCfg = Debug|Any CPU
		{C7678138-368A-461D-963E-B5FFA2DCB3EE}.Debug|Any CPU.Build.0 = Debug|Any CPU
		{C7678138-368A-461D-963E-B5FFA2DCB3EE}.Release|Any CPU.ActiveCfg = Release|Any CPU
		{C7678138-368A-461D-963E-B5FFA2DCB3EE}.Release|Any CPU.Build.0 = Release|Any CPU
	EndGlobalSection
	GlobalSection(SolutionProperties) = preSolution
		HideSolutionNode = FALSE
	EndGlobalSection
	GlobalSection(ExtensibilityGlobals) = postSolution
		SolutionGuid = {F9C06804-4051-4CAE-8782-7BAA84052FB1}
	EndGlobalSection
EndGlobal
